// !$*UTF8*$!
{
	archiveVersion = 1;
	classes = {
	};
	objectVersion = 46;
	objects = {

/* Begin PBXBuildFile section */
		5F8863621858B72900DA765E /* Foundation.framework in Frameworks */ = {isa = PBXBuildFile; fileRef = 5F8863611858B72900DA765E /* Foundation.framework */; };
		5F8863641858B72900DA765E /* CoreGraphics.framework in Frameworks */ = {isa = PBXBuildFile; fileRef = 5F8863631858B72900DA765E /* CoreGraphics.framework */; };
		5F8863661858B72900DA765E /* UIKit.framework in Frameworks */ = {isa = PBXBuildFile; fileRef = 5F8863651858B72900DA765E /* UIKit.framework */; };
		5F88636C1858B72900DA765E /* InfoPlist.strings in Resources */ = {isa = PBXBuildFile; fileRef = 5F88636A1858B72900DA765E /* InfoPlist.strings */; };
		5F88636E1858B72900DA765E /* main.m in Sources */ = {isa = PBXBuildFile; fileRef = 5F88636D1858B72900DA765E /* main.m */; };
		5F8863721858B72900DA765E /* AppDelegate.m in Sources */ = {isa = PBXBuildFile; fileRef = 5F8863711858B72900DA765E /* AppDelegate.m */; };
		5F8863751858B72900DA765E /* Main.storyboard in Resources */ = {isa = PBXBuildFile; fileRef = 5F8863731858B72900DA765E /* Main.storyboard */; };
		5F88637A1858B72900DA765E /* Images.xcassets in Resources */ = {isa = PBXBuildFile; fileRef = 5F8863791858B72900DA765E /* Images.xcassets */; };
		5F8863811858B72A00DA765E /* XCTest.framework in Frameworks */ = {isa = PBXBuildFile; fileRef = 5F8863801858B72900DA765E /* XCTest.framework */; };
		5F8863821858B72A00DA765E /* Foundation.framework in Frameworks */ = {isa = PBXBuildFile; fileRef = 5F8863611858B72900DA765E /* Foundation.framework */; };
		5F8863831858B72A00DA765E /* UIKit.framework in Frameworks */ = {isa = PBXBuildFile; fileRef = 5F8863651858B72900DA765E /* UIKit.framework */; };
		5F88638B1858B72A00DA765E /* InfoPlist.strings in Resources */ = {isa = PBXBuildFile; fileRef = 5F8863891858B72A00DA765E /* InfoPlist.strings */; };
		5F88638D1858B72A00DA765E /* FactoryMethodPatternTests.m in Sources */ = {isa = PBXBuildFile; fileRef = 5F88638C1858B72A00DA765E /* FactoryMethodPatternTests.m */; };
		5F8863991858B88A00DA765E /* Pizza.m in Sources */ = {isa = PBXBuildFile; fileRef = 5F8863981858B88A00DA765E /* Pizza.m */; };
		5F88639D1858BB1700DA765E /* NYStyleCheesePizza.m in Sources */ = {isa = PBXBuildFile; fileRef = 5F88639C1858BB1700DA765E /* NYStyleCheesePizza.m */; };
		5F8863A01858BBEB00DA765E /* ChicagoStyleCheesePizza.m in Sources */ = {isa = PBXBuildFile; fileRef = 5F88639F1858BBEB00DA765E /* ChicagoStyleCheesePizza.m */; };
		5F8863A31858BCE500DA765E /* NYStylePepperoniPizza.m in Sources */ = {isa = PBXBuildFile; fileRef = 5F8863A21858BCE500DA765E /* NYStylePepperoniPizza.m */; };
		5F8863A61858BD4D00DA765E /* ChicagoStyleClamPizza.m in Sources */ = {isa = PBXBuildFile; fileRef = 5F8863A51858BD4D00DA765E /* ChicagoStyleClamPizza.m */; };
		5F8863A91858BD9B00DA765E /* NYStyleClamPizza.m in Sources */ = {isa = PBXBuildFile; fileRef = 5F8863A81858BD9B00DA765E /* NYStyleClamPizza.m */; };
		5F8863AC1858BE1A00DA765E /* PizzaStore.m in Sources */ = {isa = PBXBuildFile; fileRef = 5F8863AB1858BE1A00DA765E /* PizzaStore.m */; };
		5F8863AF1858BF3C00DA765E /* NYPizzaStore.m in Sources */ = {isa = PBXBuildFile; fileRef = 5F8863AE1858BF3C00DA765E /* NYPizzaStore.m */; };
		5F8863B21858C07600DA765E /* ChicagoPizzaStore.m in Sources */ = {isa = PBXBuildFile; fileRef = 5F8863B11858C07600DA765E /* ChicagoPizzaStore.m */; };
		5F8863B51858C1AA00DA765E /* PizzaTableViewController.m in Sources */ = {isa = PBXBuildFile; fileRef = 5F8863B41858C1AA00DA765E /* PizzaTableViewController.m */; };
		5F8863B81858C1DD00DA765E /* PizzaStoreViewController.m in Sources */ = {isa = PBXBuildFile; fileRef = 5F8863B71858C1DD00DA765E /* PizzaStoreViewController.m */; };
/* End PBXBuildFile section */

/* Begin PBXContainerItemProxy section */
		5F8863841858B72A00DA765E /* PBXContainerItemProxy */ = {
			isa = PBXContainerItemProxy;
			containerPortal = 5F8863561858B72900DA765E /* Project object */;
			proxyType = 1;
			remoteGlobalIDString = 5F88635D1858B72900DA765E;
			remoteInfo = FactoryMethodPattern;
		};
/* End PBXContainerItemProxy section */

/* Begin PBXFileReference section */
		5F88635E1858B72900DA765E /* FactoryMethodPattern.app */ = {isa = PBXFileReference; explicitFileType = wrapper.application; includeInIndex = 0; path = FactoryMethodPattern.app; sourceTree = BUILT_PRODUCTS_DIR; };
		5F8863611858B72900DA765E /* Foundation.framework */ = {isa = PBXFileReference; lastKnownFileType = wrapper.framework; name = Foundation.framework; path = System/Library/Frameworks/Foundation.framework; sourceTree = SDKROOT; };
		5F8863631858B72900DA765E /* CoreGraphics.framework */ = {isa = PBXFileReference; lastKnownFileType = wrapper.framework; name = CoreGraphics.framework; path = System/Library/Frameworks/CoreGraphics.framework; sourceTree = SDKROOT; };
		5F8863651858B72900DA765E /* UIKit.framework */ = {isa = PBXFileReference; lastKnownFileType = wrapper.framework; name = UIKit.framework; path = System/Library/Frameworks/UIKit.framework; sourceTree = SDKROOT; };
		5F8863691858B72900DA765E /* FactoryMethodPattern-Info.plist */ = {isa = PBXFileReference; lastKnownFileType = text.plist.xml; path = "FactoryMethodPattern-Info.plist"; sourceTree = "<group>"; };
		5F88636B1858B72900DA765E /* en */ = {isa = PBXFileReference; lastKnownFileType = text.plist.strings; name = en; path = en.lproj/InfoPlist.strings; sourceTree = "<group>"; };
		5F88636D1858B72900DA765E /* main.m */ = {isa = PBXFileReference; lastKnownFileType = sourcecode.c.objc; path = main.m; sourceTree = "<group>"; };
		5F88636F1858B72900DA765E /* FactoryMethodPattern-Prefix.pch */ = {isa = PBXFileReference; lastKnownFileType = sourcecode.c.h; path = "FactoryMethodPattern-Prefix.pch"; sourceTree = "<group>"; };
		5F8863701858B72900DA765E /* AppDelegate.h */ = {isa = PBXFileReference; lastKnownFileType = sourcecode.c.h; path = AppDelegate.h; sourceTree = "<group>"; };
		5F8863711858B72900DA765E /* AppDelegate.m */ = {isa = PBXFileReference; lastKnownFileType = sourcecode.c.objc; path = AppDelegate.m; sourceTree = "<group>"; };
		5F8863741858B72900DA765E /* Base */ = {isa = PBXFileReference; lastKnownFileType = file.storyboard; name = Base; path = Base.lproj/Main.storyboard; sourceTree = "<group>"; };
		5F8863791858B72900DA765E /* Images.xcassets */ = {isa = PBXFileReference; lastKnownFileType = folder.assetcatalog; path = Images.xcassets; sourceTree = "<group>"; };
		5F88637F1858B72900DA765E /* FactoryMethodPatternTests.xctest */ = {isa = PBXFileReference; explicitFileType = wrapper.cfbundle; includeInIndex = 0; path = FactoryMethodPatternTests.xctest; sourceTree = BUILT_PRODUCTS_DIR; };
		5F8863801858B72900DA765E /* XCTest.framework */ = {isa = PBXFileReference; lastKnownFileType = wrapper.framework; name = XCTest.framework; path = Library/Frameworks/XCTest.framework; sourceTree = DEVELOPER_DIR; };
		5F8863881858B72A00DA765E /* FactoryMethodPatternTests-Info.plist */ = {isa = PBXFileReference; lastKnownFileType = text.plist.xml; path = "FactoryMethodPatternTests-Info.plist"; sourceTree = "<group>"; };
		5F88638A1858B72A00DA765E /* en */ = {isa = PBXFileReference; lastKnownFileType = text.plist.strings; name = en; path = en.lproj/InfoPlist.strings; sourceTree = "<group>"; };
		5F88638C1858B72A00DA765E /* FactoryMethodPatternTests.m */ = {isa = PBXFileReference; lastKnownFileType = sourcecode.c.objc; path = FactoryMethodPatternTests.m; sourceTree = "<group>"; };
		5F8863971858B88A00DA765E /* Pizza.h */ = {isa = PBXFileReference; fileEncoding = 4; lastKnownFileType = sourcecode.c.h; name = Pizza.h; path = /Users/vito/Developer/DemoCode/FactoryMethodPattern/FactoryMethodPattern/FactoryMethodPattern/Pizza/Pizza.h; sourceTree = "<absolute>"; };
		5F8863981858B88A00DA765E /* Pizza.m */ = {isa = PBXFileReference; fileEncoding = 4; lastKnownFileType = sourcecode.c.objc; name = Pizza.m; path = /Users/vito/Developer/DemoCode/FactoryMethodPattern/FactoryMethodPattern/FactoryMethodPattern/Pizza/Pizza.m; sourceTree = "<absolute>"; };
		5F88639B1858BB1700DA765E /* NYStyleCheesePizza.h */ = {isa = PBXFileReference; fileEncoding = 4; lastKnownFileType = sourcecode.c.h; path = NYStyleCheesePizza.h; sourceTree = "<group>"; };
		5F88639C1858BB1700DA765E /* NYStyleCheesePizza.m */ = {isa = PBXFileReference; fileEncoding = 4; lastKnownFileType = sourcecode.c.objc; path = NYStyleCheesePizza.m; sourceTree = "<group>"; };
		5F88639E1858BBEB00DA765E /* ChicagoStyleCheesePizza.h */ = {isa = PBXFileReference; fileEncoding = 4; lastKnownFileType = sourcecode.c.h; path = ChicagoStyleCheesePizza.h; sourceTree = "<group>"; };
		5F88639F1858BBEB00DA765E /* ChicagoStyleCheesePizza.m */ = {isa = PBXFileReference; fileEncoding = 4; lastKnownFileType = sourcecode.c.objc; path = ChicagoStyleCheesePizza.m; sourceTree = "<group>"; };
		5F8863A11858BCE500DA765E /* NYStylePepperoniPizza.h */ = {isa = PBXFileReference; fileEncoding = 4; lastKnownFileType = sourcecode.c.h; path = NYStylePepperoniPizza.h; sourceTree = "<group>"; };
		5F8863A21858BCE500DA765E /* NYStylePepperoniPizza.m */ = {isa = PBXFileReference; fileEncoding = 4; lastKnownFileType = sourcecode.c.objc; path = NYStylePepperoniPizza.m; sourceTree = "<group>"; };
		5F8863A41858BD4D00DA765E /* ChicagoStyleClamPizza.h */ = {isa = PBXFileReference; fileEncoding = 4; lastKnownFileType = sourcecode.c.h; path = ChicagoStyleClamPizza.h; sourceTree = "<group>"; };
		5F8863A51858BD4D00DA765E /* ChicagoStyleClamPizza.m */ = {isa = PBXFileReference; fileEncoding = 4; lastKnownFileType = sourcecode.c.objc; path = ChicagoStyleClamPizza.m; sourceTree = "<group>"; };
		5F8863A71858BD9B00DA765E /* NYStyleClamPizza.h */ = {isa = PBXFileReference; fileEncoding = 4; lastKnownFileType = sourcecode.c.h; path = NYStyleClamPizza.h; sourceTree = "<group>"; };
		5F8863A81858BD9B00DA765E /* NYStyleClamPizza.m */ = {isa = PBXFileReference; fileEncoding = 4; lastKnownFileType = sourcecode.c.objc; path = NYStyleClamPizza.m; sourceTree = "<group>"; };
		5F8863AA1858BE1A00DA765E /* PizzaStore.h */ = {isa = PBXFileReference; fileEncoding = 4; lastKnownFileType = sourcecode.c.h; path = PizzaStore.h; sourceTree = "<group>"; };
		5F8863AB1858BE1A00DA765E /* PizzaStore.m */ = {isa = PBXFileReference; fileEncoding = 4; lastKnownFileType = sourcecode.c.objc; path = PizzaStore.m; sourceTree = "<group>"; };
		5F8863AD1858BF3C00DA765E /* NYPizzaStore.h */ = {isa = PBXFileReference; fileEncoding = 4; lastKnownFileType = sourcecode.c.h; path = NYPizzaStore.h; sourceTree = "<group>"; };
		5F8863AE1858BF3C00DA765E /* NYPizzaStore.m */ = {isa = PBXFileReference; fileEncoding = 4; lastKnownFileType = sourcecode.c.objc; path = NYPizzaStore.m; sourceTree = "<group>"; };
		5F8863B01858C07600DA765E /* ChicagoPizzaStore.h */ = {isa = PBXFileReference; fileEncoding = 4; lastKnownFileType = sourcecode.c.h; path = ChicagoPizzaStore.h; sourceTree = "<group>"; };
		5F8863B11858C07600DA765E /* ChicagoPizzaStore.m */ = {isa = PBXFileReference; fileEncoding = 4; lastKnownFileType = sourcecode.c.objc; path = ChicagoPizzaStore.m; sourceTree = "<group>"; };
		5F8863B31858C1AA00DA765E /* PizzaTableViewController.h */ = {isa = PBXFileReference; fileEncoding = 4; lastKnownFileType = sourcecode.c.h; path = PizzaTableViewController.h; sourceTree = "<group>"; };
		5F8863B41858C1AA00DA765E /* PizzaTableViewController.m */ = {isa = PBXFileReference; fileEncoding = 4; lastKnownFileType = sourcecode.c.objc; path = PizzaTableViewController.m; sourceTree = "<group>"; };
		5F8863B61858C1DD00DA765E /* PizzaStoreViewController.h */ = {isa = PBXFileReference; fileEncoding = 4; lastKnownFileType = sourcecode.c.h; path = PizzaStoreViewController.h; sourceTree = "<group>"; };
		5F8863B71858C1DD00DA765E /* PizzaStoreViewController.m */ = {isa = PBXFileReference; fileEncoding = 4; lastKnownFileType = sourcecode.c.objc; path = PizzaStoreViewController.m; sourceTree = "<group>"; };
/* End PBXFileReference section */

/* Begin PBXFrameworksBuildPhase section */
		5F88635B1858B72900DA765E /* Frameworks */ = {
			isa = PBXFrameworksBuildPhase;
			buildActionMask = 2147483647;
			files = (
				5F8863641858B72900DA765E /* CoreGraphics.framework in Frameworks */,
				5F8863661858B72900DA765E /* UIKit.framework in Frameworks */,
				5F8863621858B72900DA765E /* Foundation.framework in Frameworks */,
			);
			runOnlyForDeploymentPostprocessing = 0;
		};
		5F88637C1858B72900DA765E /* Frameworks */ = {
			isa = PBXFrameworksBuildPhase;
			buildActionMask = 2147483647;
			files = (
				5F8863811858B72A00DA765E /* XCTest.framework in Frameworks */,
				5F8863831858B72A00DA765E /* UIKit.framework in Frameworks */,
				5F8863821858B72A00DA765E /* Foundation.framework in Frameworks */,
			);
			runOnlyForDeploymentPostprocessing = 0;
		};
/* End PBXFrameworksBuildPhase section */

/* Begin PBXGroup section */
		5F8863551858B72900DA765E = {
			isa = PBXGroup;
			children = (
				5F8863671858B72900DA765E /* FactoryMethodPattern */,
				5F8863861858B72A00DA765E /* FactoryMethodPatternTests */,
				5F8863601858B72900DA765E /* Frameworks */,
				5F88635F1858B72900DA765E /* Products */,
			);
			sourceTree = "<group>";
		};
		5F88635F1858B72900DA765E /* Products */ = {
			isa = PBXGroup;
			children = (
				5F88635E1858B72900DA765E /* FactoryMethodPattern.app */,
				5F88637F1858B72900DA765E /* FactoryMethodPatternTests.xctest */,
			);
			name = Products;
			sourceTree = "<group>";
		};
		5F8863601858B72900DA765E /* Frameworks */ = {
			isa = PBXGroup;
			children = (
				5F8863611858B72900DA765E /* Foundation.framework */,
				5F8863631858B72900DA765E /* CoreGraphics.framework */,
				5F8863651858B72900DA765E /* UIKit.framework */,
				5F8863801858B72900DA765E /* XCTest.framework */,
			);
			name = Frameworks;
			sourceTree = "<group>";
		};
		5F8863671858B72900DA765E /* FactoryMethodPattern */ = {
			isa = PBXGroup;
			children = (
				5F8863961858B73400DA765E /* FactoryMethodPattern */,
				5F8863701858B72900DA765E /* AppDelegate.h */,
				5F8863711858B72900DA765E /* AppDelegate.m */,
				5F8863731858B72900DA765E /* Main.storyboard */,
				5F8863791858B72900DA765E /* Images.xcassets */,
				5F8863681858B72900DA765E /* Supporting Files */,
				5F8863B31858C1AA00DA765E /* PizzaTableViewController.h */,
				5F8863B41858C1AA00DA765E /* PizzaTableViewController.m */,
				5F8863B61858C1DD00DA765E /* PizzaStoreViewController.h */,
				5F8863B71858C1DD00DA765E /* PizzaStoreViewController.m */,
			);
			path = FactoryMethodPattern;
			sourceTree = "<group>";
		};
		5F8863681858B72900DA765E /* Supporting Files */ = {
			isa = PBXGroup;
			children = (
				5F8863691858B72900DA765E /* FactoryMethodPattern-Info.plist */,
				5F88636A1858B72900DA765E /* InfoPlist.strings */,
				5F88636D1858B72900DA765E /* main.m */,
				5F88636F1858B72900DA765E /* FactoryMethodPattern-Prefix.pch */,
			);
			name = "Supporting Files";
			sourceTree = "<group>";
		};
		5F8863861858B72A00DA765E /* FactoryMethodPatternTests */ = {
			isa = PBXGroup;
			children = (
				5F88638C1858B72A00DA765E /* FactoryMethodPatternTests.m */,
				5F8863871858B72A00DA765E /* Supporting Files */,
			);
			path = FactoryMethodPatternTests;
			sourceTree = "<group>";
		};
		5F8863871858B72A00DA765E /* Supporting Files */ = {
			isa = PBXGroup;
			children = (
				5F8863881858B72A00DA765E /* FactoryMethodPatternTests-Info.plist */,
				5F8863891858B72A00DA765E /* InfoPlist.strings */,
			);
			name = "Supporting Files";
			sourceTree = "<group>";
		};
		5F8863961858B73400DA765E /* FactoryMethodPattern */ = {
			isa = PBXGroup;
			children = (
				5F88639A1858BA6800DA765E /* Pizza */,
				5F8863AA1858BE1A00DA765E /* PizzaStore.h */,
				5F8863AB1858BE1A00DA765E /* PizzaStore.m */,
				5F8863AD1858BF3C00DA765E /* NYPizzaStore.h */,
				5F8863AE1858BF3C00DA765E /* NYPizzaStore.m */,
				5F8863B01858C07600DA765E /* ChicagoPizzaStore.h */,
				5F8863B11858C07600DA765E /* ChicagoPizzaStore.m */,
			);
			name = FactoryMethodPattern;
			path = /Users/vito/Developer/DemoCode/FactoryMethodPattern/FactoryMethodPattern/FactoryMethodPattern;
			sourceTree = "<absolute>";
		};
		5F88639A1858BA6800DA765E /* Pizza */ = {
			isa = PBXGroup;
			children = (
				5F8863971858B88A00DA765E /* Pizza.h */,
				5F8863981858B88A00DA765E /* Pizza.m */,
				5F88639B1858BB1700DA765E /* NYStyleCheesePizza.h */,
				5F88639C1858BB1700DA765E /* NYStyleCheesePizza.m */,
				5F88639E1858BBEB00DA765E /* ChicagoStyleCheesePizza.h */,
				5F88639F1858BBEB00DA765E /* ChicagoStyleCheesePizza.m */,
				5F8863A11858BCE500DA765E /* NYStylePepperoniPizza.h */,
				5F8863A21858BCE500DA765E /* NYStylePepperoniPizza.m */,
				5F8863A41858BD4D00DA765E /* ChicagoStyleClamPizza.h */,
				5F8863A51858BD4D00DA765E /* ChicagoStyleClamPizza.m */,
				5F8863A71858BD9B00DA765E /* NYStyleClamPizza.h */,
				5F8863A81858BD9B00DA765E /* NYStyleClamPizza.m */,
			);
			name = Pizza;
			path = /Users/vito/Developer/DemoCode/FactoryMethodPattern/FactoryMethodPattern/FactoryMethodPattern/Pizza;
			sourceTree = "<absolute>";
		};
/* End PBXGroup section */

/* Begin PBXNativeTarget section */
		5F88635D1858B72900DA765E /* FactoryMethodPattern */ = {
			isa = PBXNativeTarget;
			buildConfigurationList = 5F8863901858B72A00DA765E /* Build configuration list for PBXNativeTarget "FactoryMethodPattern" */;
			buildPhases = (
				5F88635A1858B72900DA765E /* Sources */,
				5F88635B1858B72900DA765E /* Frameworks */,
				5F88635C1858B72900DA765E /* Resources */,
			);
			buildRules = (
			);
			dependencies = (
			);
			name = FactoryMethodPattern;
			productName = FactoryMethodPattern;
			productReference = 5F88635E1858B72900DA765E /* FactoryMethodPattern.app */;
			productType = "com.apple.product-type.application";
		};
		5F88637E1858B72900DA765E /* FactoryMethodPatternTests */ = {
			isa = PBXNativeTarget;
			buildConfigurationList = 5F8863931858B72A00DA765E /* Build configuration list for PBXNativeTarget "FactoryMethodPatternTests" */;
			buildPhases = (
				5F88637B1858B72900DA765E /* Sources */,
				5F88637C1858B72900DA765E /* Frameworks */,
				5F88637D1858B72900DA765E /* Resources */,
			);
			buildRules = (
			);
			dependencies = (
				5F8863851858B72A00DA765E /* PBXTargetDependency */,
			);
			name = FactoryMethodPatternTests;
			productName = FactoryMethodPatternTests;
			productReference = 5F88637F1858B72900DA765E /* FactoryMethodPatternTests.xctest */;
			productType = "com.apple.product-type.bundle.unit-test";
		};
/* End PBXNativeTarget section */

/* Begin PBXProject section */
		5F8863561858B72900DA765E /* Project object */ = {
			isa = PBXProject;
			attributes = {
				LastUpgradeCheck = 0500;
				ORGANIZATIONNAME = Vito;
				TargetAttributes = {
					5F88637E1858B72900DA765E = {
						TestTargetID = 5F88635D1858B72900DA765E;
					};
				};
			};
			buildConfigurationList = 5F8863591858B72900DA765E /* Build configuration list for PBXProject "FactoryMethodPattern" */;
			compatibilityVersion = "Xcode 3.2";
			developmentRegion = English;
			hasScannedForEncodings = 0;
			knownRegions = (
				en,
				Base,
			);
			mainGroup = 5F8863551858B72900DA765E;
			productRefGroup = 5F88635F1858B72900DA765E /* Products */;
			projectDirPath = "";
			projectRoot = "";
			targets = (
				5F88635D1858B72900DA765E /* FactoryMethodPattern */,
				5F88637E1858B72900DA765E /* FactoryMethodPatternTests */,
			);
		};
/* End PBXProject section */

/* Begin PBXResourcesBuildPhase section */
		5F88635C1858B72900DA765E /* Resources */ = {
			isa = PBXResourcesBuildPhase;
			buildActionMask = 2147483647;
			files = (
				5F88637A1858B72900DA765E /* Images.xcassets in Resources */,
				5F88636C1858B72900DA765E /* InfoPlist.strings in Resources */,
				5F8863751858B72900DA765E /* Main.storyboard in Resources */,
			);
			runOnlyForDeploymentPostprocessing = 0;
		};
		5F88637D1858B72900DA765E /* Resources */ = {
			isa = PBXResourcesBuildPhase;
			buildActionMask = 2147483647;
			files = (
				5F88638B1858B72A00DA765E /* InfoPlist.strings in Resources */,
			);
			runOnlyForDeploymentPostprocessing = 0;
		};
/* End PBXResourcesBuildPhase section */

/* Begin PBXSourcesBuildPhase section */
		5F88635A1858B72900DA765E /* Sources */ = {
			isa = PBXSourcesBuildPhase;
			buildActionMask = 2147483647;
			files = (
				5F8863B81858C1DD00DA765E /* PizzaStoreViewController.m in Sources */,
				5F8863991858B88A00DA765E /* Pizza.m in Sources */,
				5F8863A01858BBEB00DA765E /* ChicagoStyleCheesePizza.m in Sources */,
				5F88639D1858BB1700DA765E /* NYStyleCheesePizza.m in Sources */,
				5F8863A61858BD4D00DA765E /* ChicagoStyleClamPizza.m in Sources */,
				5F8863AF1858BF3C00DA765E /* NYPizzaStore.m in Sources */,
				5F8863721858B72900DA765E /* AppDelegate.m in Sources */,
				5F8863B51858C1AA00DA765E /* PizzaTableViewController.m in Sources */,
				5F8863B21858C07600DA765E /* ChicagoPizzaStore.m in Sources */,
				5F8863AC1858BE1A00DA765E /* PizzaStore.m in Sources */,
				5F8863A31858BCE500DA765E /* NYStylePepperoniPizza.m in Sources */,
				5F8863A91858BD9B00DA765E /* NYStyleClamPizza.m in Sources */,
				5F88636E1858B72900DA765E /* main.m in Sources */,
			);
			runOnlyForDeploymentPostprocessing = 0;
		};
		5F88637B1858B72900DA765E /* Sources */ = {
			isa = PBXSourcesBuildPhase;
			buildActionMask = 2147483647;
			files = (
				5F88638D1858B72A00DA765E /* FactoryMethodPatternTests.m in Sources */,
			);
			runOnlyForDeploymentPostprocessing = 0;
		};
/* End PBXSourcesBuildPhase section */

/* Begin PBXTargetDependency section */
		5F8863851858B72A00DA765E /* PBXTargetDependency */ = {
			isa = PBXTargetDependency;
			target = 5F88635D1858B72900DA765E /* FactoryMethodPattern */;
			targetProxy = 5F8863841858B72A00DA765E /* PBXContainerItemProxy */;
		};
/* End PBXTargetDependency section */

/* Begin PBXVariantGroup section */
		5F88636A1858B72900DA765E /* InfoPlist.strings */ = {
			isa = PBXVariantGroup;
			children = (
				5F88636B1858B72900DA765E /* en */,
			);
			name = InfoPlist.strings;
			sourceTree = "<group>";
		};
		5F8863731858B72900DA765E /* Main.storyboard */ = {
			isa = PBXVariantGroup;
			children = (
				5F8863741858B72900DA765E /* Base */,
			);
			name = Main.storyboard;
			sourceTree = "<group>";
		};
		5F8863891858B72A00DA765E /* InfoPlist.strings */ = {
			isa = PBXVariantGroup;
			children = (
				5F88638A1858B72A00DA765E /* en */,
			);
			name = InfoPlist.strings;
			sourceTree = "<group>";
		};
/* End PBXVariantGroup section */

/* Begin XCBuildConfiguration section */
		5F88638E1858B72A00DA765E /* Debug */ = {
			isa = XCBuildConfiguration;
			buildSettings = {
				ALWAYS_SEARCH_USER_PATHS = NO;
				ARCHS = "$(ARCHS_STANDARD_INCLUDING_64_BIT)";
				CLANG_CXX_LANGUAGE_STANDARD = "gnu++0x";
				CLANG_CXX_LIBRARY = "libc++";
				CLANG_ENABLE_MODULES = YES;
				CLANG_ENABLE_OBJC_ARC = YES;
				CLANG_WARN_BOOL_CONVERSION = YES;
				CLANG_WARN_CONSTANT_CONVERSION = YES;
				CLANG_WARN_DIRECT_OBJC_ISA_USAGE = YES_ERROR;
				CLANG_WARN_EMPTY_BODY = YES;
				CLANG_WARN_ENUM_CONVERSION = YES;
				CLANG_WARN_INT_CONVERSION = YES;
				CLANG_WARN_OBJC_ROOT_CLASS = YES_ERROR;
				CLANG_WARN__DUPLICATE_METHOD_MATCH = YES;
				"CODE_SIGN_IDENTITY[sdk=iphoneos*]" = "iPhone Developer";
				COPY_PHASE_STRIP = NO;
				GCC_C_LANGUAGE_STANDARD = gnu99;
				GCC_DYNAMIC_NO_PIC = NO;
				GCC_OPTIMIZATION_LEVEL = 0;
				GCC_PREPROCESSOR_DEFINITIONS = (
					"DEBUG=1",
					"$(inherited)",
				);
				GCC_SYMBOLS_PRIVATE_EXTERN = NO;
				GCC_WARN_64_TO_32_BIT_CONVERSION = YES;
				GCC_WARN_ABOUT_RETURN_TYPE = YES_ERROR;
				GCC_WARN_UNDECLARED_SELECTOR = YES;
				GCC_WARN_UNINITIALIZED_AUTOS = YES;
				GCC_WARN_UNUSED_FUNCTION = YES;
				GCC_WARN_UNUSED_VARIABLE = YES;
				IPHONEOS_DEPLOYMENT_TARGET = 7.0;
				ONLY_ACTIVE_ARCH = YES;
				SDKROOT = iphoneos;
			};
			name = Debug;
		};
		5F88638F1858B72A00DA765E /* Release */ = {
			isa = XCBuildConfiguration;
			buildSettings = {
				ALWAYS_SEARCH_USER_PATHS = NO;
				ARCHS = "$(ARCHS_STANDARD_INCLUDING_64_BIT)";
				CLANG_CXX_LANGUAGE_STANDARD = "gnu++0x";
				CLANG_CXX_LIBRARY = "libc++";
				CLANG_ENABLE_MODULES = YES;
				CLANG_ENABLE_OBJC_ARC = YES;
				CLANG_WARN_BOOL_CONVERSION = YES;
				CLANG_WARN_CONSTANT_CONVERSION = YES;
				CLANG_WARN_DIRECT_OBJC_ISA_USAGE = YES_ERROR;
				CLANG_WARN_EMPTY_BODY = YES;
				CLANG_WARN_ENUM_CONVERSION = YES;
				CLANG_WARN_INT_CONVERSION = YES;
				CLANG_WARN_OBJC_ROOT_CLASS = YES_ERROR;
				CLANG_WARN__DUPLICATE_METHOD_MATCH = YES;
				"CODE_SIGN_IDENTITY[sdk=iphoneos*]" = "iPhone Developer";
				COPY_PHASE_STRIP = YES;
				ENABLE_NS_ASSERTIONS = NO;
				GCC_C_LANGUAGE_STANDARD = gnu99;
				GCC_WARN_64_TO_32_BIT_CONVERSION = YES;
				GCC_WARN_ABOUT_RETURN_TYPE = YES_ERROR;
				GCC_WARN_UNDECLARED_SELECTOR = YES;
				GCC_WARN_UNINITIALIZED_AUTOS = YES;
				GCC_WARN_UNUSED_FUNCTION = YES;
				GCC_WARN_UNUSED_VARIABLE = YES;
				IPHONEOS_DEPLOYMENT_TARGET = 7.0;
				SDKROOT = iphoneos;
				VALIDATE_PRODUCT = YES;
			};
			name = Release;
		};
		5F8863911858B72A00DA765E /* Debug */ = {
			isa = XCBuildConfiguration;
			buildSettings = {
				ASSETCATALOG_COMPILER_APPICON_NAME = AppIcon;
				ASSETCATALOG_COMPILER_LAUNCHIMAGE_NAME = LaunchImage;
				GCC_PRECOMPILE_PREFIX_HEADER = YES;
				GCC_PREFIX_HEADER = "FactoryMethodPattern/FactoryMethodPattern-Prefix.pch";
				INFOPLIST_FILE = "FactoryMethodPattern/FactoryMethodPattern-Info.plist";
				PRODUCT_NAME = "$(TARGET_NAME)";
				WRAPPER_EXTENSION = app;
			};
			name = Debug;
		};
		5F8863921858B72A00DA765E /* Release */ = {
			isa = XCBuildConfiguration;
			buildSettings = {
				ASSETCATALOG_COMPILER_APPICON_NAME = AppIcon;
				ASSETCATALOG_COMPILER_LAUNCHIMAGE_NAME = LaunchImage;
				GCC_PRECOMPILE_PREFIX_HEADER = YES;
				GCC_PREFIX_HEADER = "FactoryMethodPattern/FactoryMethodPattern-Prefix.pch";
				INFOPLIST_FILE = "FactoryMethodPattern/FactoryMethodPattern-Info.plist";
				PRODUCT_NAME = "$(TARGET_NAME)";
				WRAPPER_EXTENSION = app;
			};
			name = Release;
		};
		5F8863941858B72A00DA765E /* Debug */ = {
			isa = XCBuildConfiguration;
			buildSettings = {
				ARCHS = "$(ARCHS_STANDARD_INCLUDING_64_BIT)";
				BUNDLE_LOADER = "$(BUILT_PRODUCTS_DIR)/FactoryMethodPattern.app/FactoryMethodPattern";
				FRAMEWORK_SEARCH_PATHS = (
					"$(SDKROOT)/Developer/Library/Frameworks",
					"$(inherited)",
					"$(DEVELOPER_FRAMEWORKS_DIR)",
				);
				GCC_PRECOMPILE_PREFIX_HEADER = YES;
				GCC_PREFIX_HEADER = "FactoryMethodPattern/FactoryMethodPattern-Prefix.pch";
				GCC_PREPROCESSOR_DEFINITIONS = (
					"DEBUG=1",
					"$(inherited)",
				);
				INFOPLIST_FILE = "FactoryMethodPatternTests/FactoryMethodPatternTests-Info.plist";
				PRODUCT_NAME = "$(TARGET_NAME)";
				TEST_HOST = "$(BUNDLE_LOADER)";
				WRAPPER_EXTENSION = xctest;
			};
			name = Debug;
		};
		5F8863951858B72A00DA765E /* Release */ = {
			isa = XCBuildConfiguration;
			buildSettings = {
				ARCHS = "$(ARCHS_STANDARD_INCLUDING_64_BIT)";
				BUNDLE_LOADER = "$(BUILT_PRODUCTS_DIR)/FactoryMethodPattern.app/FactoryMethodPattern";
				FRAMEWORK_SEARCH_PATHS = (
					"$(SDKROOT)/Developer/Library/Frameworks",
					"$(inherited)",
					"$(DEVELOPER_FRAMEWORKS_DIR)",
				);
				GCC_PRECOMPILE_PREFIX_HEADER = YES;
				GCC_PREFIX_HEADER = "FactoryMethodPattern/FactoryMethodPattern-Prefix.pch";
				INFOPLIST_FILE = "FactoryMethodPatternTests/FactoryMethodPatternTests-Info.plist";
				PRODUCT_NAME = "$(TARGET_NAME)";
				TEST_HOST = "$(BUNDLE_LOADER)";
				WRAPPER_EXTENSION = xctest;
			};
			name = Release;
		};
/* End XCBuildConfiguration section */

/* Begin XCConfigurationList section */
		5F8863591858B72900DA765E /* Build configuration list for PBXProject "FactoryMethodPattern" */ = {
			isa = XCConfigurationList;
			buildConfigurations = (
				5F88638E1858B72A00DA765E /* Debug */,
				5F88638F1858B72A00DA765E /* Release */,
			);
			defaultConfigurationIsVisible = 0;
			defaultConfigurationName = Release;
		};
		5F8863901858B72A00DA765E /* Build configuration list for PBXNativeTarget "FactoryMethodPattern" */ = {
			isa = XCConfigurationList;
			buildConfigurations = (
				5F8863911858B72A00DA765E /* Debug */,
				5F8863921858B72A00DA765E /* Release */,
			);
			defaultConfigurationIsVisible = 0;
		};
		5F8863931858B72A00DA765E /* Build configuration list for PBXNativeTarget "FactoryMethodPatternTests" */ = {
			isa = XCConfigurationList;
			buildConfigurations = (
				5F8863941858B72A00DA765E /* Debug */,
				5F8863951858B72A00DA765E /* Release */,
			);
			defaultConfigurationIsVisible = 0;
		};
/* End XCConfigurationList section */
	};
	rootObject = 5F8863561858B72900DA765E /* Project object */;
}
